
Microsoft Visual Studio Solution File, Format Version 12.00
# Visual Studio Version 17
VisualStudioVersion = 17.11.35219.272
MinimumVisualStudioVersion = 10.0.40219.1
Project("{9A19103F-16F7-4668-BE54-9A1E7A4F7556}") = "Warehouse.Api", "Warehouse.Api\Warehouse.Api.csproj", "{DA66EEB4-0A4D-4180-B9A0-513824D5372B}"
EndProject
Global
	GlobalSection(SolutionConfigurationPlatforms) = preSolution
		Debug|Any CPU = Debug|Any CPU
		Release|Any CPU = Release|Any CPU
	EndGlobalSection
	GlobalSection(ProjectConfigurationPlatforms) = postSolution
		{DA66EEB4-0A4D-4180-B9A0-513824D5372B}.Debug|Any CPU.ActiveCfg = Debug|Any CPU
		{DA66EEB4-0A4D-4180-B9A0-513824D5372B}.Debug|Any CPU.Build.0 = Debug|Any CPU
		{DA66EEB4-0A4D-4180-B9A0-513824D5372B}.Release|Any CPU.ActiveCfg = Release|Any CPU
		{DA66EEB4-0A4D-4180-B9A0-513824D5372B}.Release|Any CPU.Build.0 = Release|Any CPU
	EndGlobalSection
	GlobalSection(SolutionProperties) = preSolution
		HideSolutionNode = FALSE
	EndGlobalSection
	GlobalSection(ExtensibilityGlobals) = postSolution
		SolutionGuid = {5A7BE366-41D4-44FE-969F-AC315735D3D7}
	EndGlobalSection
EndGlobal
